
Microsoft Visual Studio Solution File, Format Version 12.00
# Visual Studio Version 16
VisualStudioVersion = 16.0.31702.278
MinimumVisualStudioVersion = 10.0.40219.1
Project("{FAE04EC0-301F-11D3-BF4B-00C04F79EFBC}") = "Webszolgaltatas_IRF_07", "Webszolgaltatas_IRF_07\Webszolgaltatas_IRF_07.csproj", "{6AA9EB19-975A-4B23-98E9-4B91DA57C026}"
EndProject
Global
	GlobalSection(SolutionConfigurationPlatforms) = preSolution
		Debug|Any CPU = Debug|Any CPU
		Release|Any CPU = Release|Any CPU
	EndGlobalSection
	GlobalSection(ProjectConfigurationPlatforms) = postSolution
		{6AA9EB19-975A-4B23-98E9-4B91DA57C026}.Debug|Any CPU.ActiveCfg = Debug|Any CPU
		{6AA9EB19-975A-4B23-98E9-4B91DA57C026}.Debug|Any CPU.Build.0 = Debug|Any CPU
		{6AA9EB19-975A-4B23-98E9-4B91DA57C026}.Release|Any CPU.ActiveCfg = Release|Any CPU
		{6AA9EB19-975A-4B23-98E9-4B91DA57C026}.Release|Any CPU.Build.0 = Release|Any CPU
	EndGlobalSection
	GlobalSection(SolutionProperties) = preSolution
		HideSolutionNode = FALSE
	EndGlobalSection
	GlobalSection(ExtensibilityGlobals) = postSolution
		SolutionGuid = {B4338737-70DE-4600-9E00-0D28A3E18F8F}
	EndGlobalSection
EndGlobal
