
Microsoft Visual Studio Solution File, Format Version 12.00
# Visual Studio Version 16
VisualStudioVersion = 16.0.31702.278
MinimumVisualStudioVersion = 10.0.40219.1
Project("{FAE04EC0-301F-11D3-BF4B-00C04F79EFBC}") = "UserMaintenance", "UserMaintenance\UserMaintenance.csproj", "{9EB56F9D-1C6A-4F04-A901-2F8B234FDDBD}"
EndProject
Global
	GlobalSection(SolutionConfigurationPlatforms) = preSolution
		Debug|Any CPU = Debug|Any CPU
		Release|Any CPU = Release|Any CPU
	EndGlobalSection
	GlobalSection(ProjectConfigurationPlatforms) = postSolution
		{9EB56F9D-1C6A-4F04-A901-2F8B234FDDBD}.Debug|Any CPU.ActiveCfg = Debug|Any CPU
		{9EB56F9D-1C6A-4F04-A901-2F8B234FDDBD}.Debug|Any CPU.Build.0 = Debug|Any CPU
		{9EB56F9D-1C6A-4F04-A901-2F8B234FDDBD}.Release|Any CPU.ActiveCfg = Release|Any CPU
		{9EB56F9D-1C6A-4F04-A901-2F8B234FDDBD}.Release|Any CPU.Build.0 = Release|Any CPU
	EndGlobalSection
	GlobalSection(SolutionProperties) = preSolution
		HideSolutionNode = FALSE
	EndGlobalSection
	GlobalSection(ExtensibilityGlobals) = postSolution
		SolutionGuid = {AD93858D-0925-467F-9412-6F7FF15BC441}
	EndGlobalSection
EndGlobal
