
Microsoft Visual Studio Solution File, Format Version 12.00
# Visual Studio Version 16
VisualStudioVersion = 16.0.31702.278
MinimumVisualStudioVersion = 10.0.40219.1
Project("{FAE04EC0-301F-11D3-BF4B-00C04F79EFBC}") = "FejlesztesiMintak_IRF_08", "FejlesztesiMintak_IRF_08\FejlesztesiMintak_IRF_08.csproj", "{26552C7F-69E2-4D98-A75A-0387CE406797}"
EndProject
Global
	GlobalSection(SolutionConfigurationPlatforms) = preSolution
		Debug|Any CPU = Debug|Any CPU
		Release|Any CPU = Release|Any CPU
	EndGlobalSection
	GlobalSection(ProjectConfigurationPlatforms) = postSolution
		{26552C7F-69E2-4D98-A75A-0387CE406797}.Debug|Any CPU.ActiveCfg = Debug|Any CPU
		{26552C7F-69E2-4D98-A75A-0387CE406797}.Debug|Any CPU.Build.0 = Debug|Any CPU
		{26552C7F-69E2-4D98-A75A-0387CE406797}.Release|Any CPU.ActiveCfg = Release|Any CPU
		{26552C7F-69E2-4D98-A75A-0387CE406797}.Release|Any CPU.Build.0 = Release|Any CPU
	EndGlobalSection
	GlobalSection(SolutionProperties) = preSolution
		HideSolutionNode = FALSE
	EndGlobalSection
	GlobalSection(ExtensibilityGlobals) = postSolution
		SolutionGuid = {E6410A5D-B871-48F0-9488-BF98CF4D9DB9}
	EndGlobalSection
EndGlobal
