
Microsoft Visual Studio Solution File, Format Version 12.00
# Visual Studio Version 16
VisualStudioVersion = 16.0.31702.278
MinimumVisualStudioVersion = 10.0.40219.1
Project("{FAE04EC0-301F-11D3-BF4B-00C04F79EFBC}") = "VaR_IRF_05", "VaR_IRF_05\VaR_IRF_05.csproj", "{161290B7-7778-40DA-808F-49B66CA3C212}"
EndProject
Global
	GlobalSection(SolutionConfigurationPlatforms) = preSolution
		Debug|Any CPU = Debug|Any CPU
		Release|Any CPU = Release|Any CPU
	EndGlobalSection
	GlobalSection(ProjectConfigurationPlatforms) = postSolution
		{161290B7-7778-40DA-808F-49B66CA3C212}.Debug|Any CPU.ActiveCfg = Debug|Any CPU
		{161290B7-7778-40DA-808F-49B66CA3C212}.Debug|Any CPU.Build.0 = Debug|Any CPU
		{161290B7-7778-40DA-808F-49B66CA3C212}.Release|Any CPU.ActiveCfg = Release|Any CPU
		{161290B7-7778-40DA-808F-49B66CA3C212}.Release|Any CPU.Build.0 = Release|Any CPU
	EndGlobalSection
	GlobalSection(SolutionProperties) = preSolution
		HideSolutionNode = FALSE
	EndGlobalSection
	GlobalSection(ExtensibilityGlobals) = postSolution
		SolutionGuid = {3EBF2736-655F-4D73-A34E-BF10A68F8FC3}
	EndGlobalSection
EndGlobal
