
Microsoft Visual Studio Solution File, Format Version 12.00
# Visual Studio Version 16
VisualStudioVersion = 16.0.31702.278
MinimumVisualStudioVersion = 10.0.40219.1
Project("{FAE04EC0-301F-11D3-BF4B-00C04F79EFBC}") = "Excel_IRF_04", "Excel_IRF_04\Excel_IRF_04.csproj", "{F101D8E6-9143-43ED-8854-CCBE10FCA06B}"
EndProject
Global
	GlobalSection(SolutionConfigurationPlatforms) = preSolution
		Debug|Any CPU = Debug|Any CPU
		Release|Any CPU = Release|Any CPU
	EndGlobalSection
	GlobalSection(ProjectConfigurationPlatforms) = postSolution
		{F101D8E6-9143-43ED-8854-CCBE10FCA06B}.Debug|Any CPU.ActiveCfg = Debug|Any CPU
		{F101D8E6-9143-43ED-8854-CCBE10FCA06B}.Debug|Any CPU.Build.0 = Debug|Any CPU
		{F101D8E6-9143-43ED-8854-CCBE10FCA06B}.Release|Any CPU.ActiveCfg = Release|Any CPU
		{F101D8E6-9143-43ED-8854-CCBE10FCA06B}.Release|Any CPU.Build.0 = Release|Any CPU
	EndGlobalSection
	GlobalSection(SolutionProperties) = preSolution
		HideSolutionNode = FALSE
	EndGlobalSection
	GlobalSection(ExtensibilityGlobals) = postSolution
		SolutionGuid = {366EC900-EF8A-420D-A248-3C327C087D45}
	EndGlobalSection
EndGlobal
